// !$*UTF8*$!
{
	archiveVersion = 1;
	classes = {
	};
	objectVersion = 50;
	objects = {

/* Begin PBXBuildFile section */
		6CF38E052231AE6A00ADEFAA /* AppDelegate.swift in Sources */ = {isa = PBXBuildFile; fileRef = 6CF38E042231AE6A00ADEFAA /* AppDelegate.swift */; };
		6CF38E072231AE6A00ADEFAA /* ViewController.swift in Sources */ = {isa = PBXBuildFile; fileRef = 6CF38E062231AE6A00ADEFAA /* ViewController.swift */; };
		6CF38E0A2231AE6A00ADEFAA /* Main.storyboard in Resources */ = {isa = PBXBuildFile; fileRef = 6CF38E082231AE6A00ADEFAA /* Main.storyboard */; };
		6CF38E0C2231AE6B00ADEFAA /* Assets.xcassets in Resources */ = {isa = PBXBuildFile; fileRef = 6CF38E0B2231AE6B00ADEFAA /* Assets.xcassets */; };
		6CF38E0F2231AE6B00ADEFAA /* LaunchScreen.storyboard in Resources */ = {isa = PBXBuildFile; fileRef = 6CF38E0D2231AE6B00ADEFAA /* LaunchScreen.storyboard */; };
		6CF38E1A2231AE6C00ADEFAA /* HackwichFiveTests.swift in Sources */ = {isa = PBXBuildFile; fileRef = 6CF38E192231AE6C00ADEFAA /* HackwichFiveTests.swift */; };
		6CF38E252231AE6C00ADEFAA /* HackwichFiveUITests.swift in Sources */ = {isa = PBXBuildFile; fileRef = 6CF38E242231AE6C00ADEFAA /* HackwichFiveUITests.swift */; };
/* End PBXBuildFile section */

/* Begin PBXContainerItemProxy section */
		6CF38E162231AE6C00ADEFAA /* PBXContainerItemProxy */ = {
			isa = PBXContainerItemProxy;
			containerPortal = 6CF38DF92231AE6A00ADEFAA /* Project object */;
			proxyType = 1;
			remoteGlobalIDString = 6CF38E002231AE6A00ADEFAA;
			remoteInfo = HackwichFive;
		};
		6CF38E212231AE6C00ADEFAA /* PBXContainerItemProxy */ = {
			isa = PBXContainerItemProxy;
			containerPortal = 6CF38DF92231AE6A00ADEFAA /* Project object */;
			proxyType = 1;
			remoteGlobalIDString = 6CF38E002231AE6A00ADEFAA;
			remoteInfo = HackwichFive;
		};
/* End PBXContainerItemProxy section */

/* Begin PBXFileReference section */
		6CF38E012231AE6A00ADEFAA /* HackwichFive.app */ = {isa = PBXFileReference; explicitFileType = wrapper.application; includeInIndex = 0; path = HackwichFive.app; sourceTree = BUILT_PRODUCTS_DIR; };
		6CF38E042231AE6A00ADEFAA /* AppDelegate.swift */ = {isa = PBXFileReference; lastKnownFileType = sourcecode.swift; path = AppDelegate.swift; sourceTree = "<group>"; };
		6CF38E062231AE6A00ADEFAA /* ViewController.swift */ = {isa = PBXFileReference; lastKnownFileType = sourcecode.swift; path = ViewController.swift; sourceTree = "<group>"; };
		6CF38E092231AE6A00ADEFAA /* Base */ = {isa = PBXFileReference; lastKnownFileType = file.storyboard; name = Base; path = Base.lproj/Main.storyboard; sourceTree = "<group>"; };
		6CF38E0B2231AE6B00ADEFAA /* Assets.xcassets */ = {isa = PBXFileReference; lastKnownFileType = folder.assetcatalog; path = Assets.xcassets; sourceTree = "<group>"; };
		6CF38E0E2231AE6B00ADEFAA /* Base */ = {isa = PBXFileReference; lastKnownFileType = file.storyboard; name = Base; path = Base.lproj/LaunchScreen.storyboard; sourceTree = "<group>"; };
		6CF38E102231AE6C00ADEFAA /* Info.plist */ = {isa = PBXFileReference; lastKnownFileType = text.plist.xml; path = Info.plist; sourceTree = "<group>"; };
		6CF38E152231AE6C00ADEFAA /* HackwichFiveTests.xctest */ = {isa = PBXFileReference; explicitFileType = wrapper.cfbundle; includeInIndex = 0; path = HackwichFiveTests.xctest; sourceTree = BUILT_PRODUCTS_DIR; };
		6CF38E192231AE6C00ADEFAA /* HackwichFiveTests.swift */ = {isa = PBXFileReference; lastKnownFileType = sourcecode.swift; path = HackwichFiveTests.swift; sourceTree = "<group>"; };
		6CF38E1B2231AE6C00ADEFAA /* Info.plist */ = {isa = PBXFileReference; lastKnownFileType = text.plist.xml; path = Info.plist; sourceTree = "<group>"; };
		6CF38E202231AE6C00ADEFAA /* HackwichFiveUITests.xctest */ = {isa = PBXFileReference; explicitFileType = wrapper.cfbundle; includeInIndex = 0; path = HackwichFiveUITests.xctest; sourceTree = BUILT_PRODUCTS_DIR; };
		6CF38E242231AE6C00ADEFAA /* HackwichFiveUITests.swift */ = {isa = PBXFileReference; lastKnownFileType = sourcecode.swift; path = HackwichFiveUITests.swift; sourceTree = "<group>"; };
		6CF38E262231AE6C00ADEFAA /* Info.plist */ = {isa = PBXFileReference; lastKnownFileType = text.plist.xml; path = Info.plist; sourceTree = "<group>"; };
/* End PBXFileReference section */

/* Begin PBXFrameworksBuildPhase section */
		6CF38DFE2231AE6A00ADEFAA /* Frameworks */ = {
			isa = PBXFrameworksBuildPhase;
			buildActionMask = 2147483647;
			files = (
			);
			runOnlyForDeploymentPostprocessing = 0;
		};
		6CF38E122231AE6C00ADEFAA /* Frameworks */ = {
			isa = PBXFrameworksBuildPhase;
			buildActionMask = 2147483647;
			files = (
			);
			runOnlyForDeploymentPostprocessing = 0;
		};
		6CF38E1D2231AE6C00ADEFAA /* Frameworks */ = {
			isa = PBXFrameworksBuildPhase;
			buildActionMask = 2147483647;
			files = (
			);
			runOnlyForDeploymentPostprocessing = 0;
		};
/* End PBXFrameworksBuildPhase section */

/* Begin PBXGroup section */
		6CF38DF82231AE6A00ADEFAA = {
			isa = PBXGroup;
			children = (
				6CF38E032231AE6A00ADEFAA /* HackwichFive */,
				6CF38E182231AE6C00ADEFAA /* HackwichFiveTests */,
				6CF38E232231AE6C00ADEFAA /* HackwichFiveUITests */,
				6CF38E022231AE6A00ADEFAA /* Products */,
			);
			sourceTree = "<group>";
		};
		6CF38E022231AE6A00ADEFAA /* Products */ = {
			isa = PBXGroup;
			children = (
				6CF38E012231AE6A00ADEFAA /* HackwichFive.app */,
				6CF38E152231AE6C00ADEFAA /* HackwichFiveTests.xctest */,
				6CF38E202231AE6C00ADEFAA /* HackwichFiveUITests.xctest */,
			);
			name = Products;
			sourceTree = "<group>";
		};
		6CF38E032231AE6A00ADEFAA /* HackwichFive */ = {
			isa = PBXGroup;
			children = (
				6CF38E042231AE6A00ADEFAA /* AppDelegate.swift */,
				6CF38E062231AE6A00ADEFAA /* ViewController.swift */,
				6CF38E082231AE6A00ADEFAA /* Main.storyboard */,
				6CF38E0B2231AE6B00ADEFAA /* Assets.xcassets */,
				6CF38E0D2231AE6B00ADEFAA /* LaunchScreen.storyboard */,
				6CF38E102231AE6C00ADEFAA /* Info.plist */,
			);
			path = HackwichFive;
			sourceTree = "<group>";
		};
		6CF38E182231AE6C00ADEFAA /* HackwichFiveTests */ = {
			isa = PBXGroup;
			children = (
				6CF38E192231AE6C00ADEFAA /* HackwichFiveTests.swift */,
				6CF38E1B2231AE6C00ADEFAA /* Info.plist */,
			);
			path = HackwichFiveTests;
			sourceTree = "<group>";
		};
		6CF38E232231AE6C00ADEFAA /* HackwichFiveUITests */ = {
			isa = PBXGroup;
			children = (
				6CF38E242231AE6C00ADEFAA /* HackwichFiveUITests.swift */,
				6CF38E262231AE6C00ADEFAA /* Info.plist */,
			);
			path = HackwichFiveUITests;
			sourceTree = "<group>";
		};
/* End PBXGroup section */

/* Begin PBXNativeTarget section */
		6CF38E002231AE6A00ADEFAA /* HackwichFive */ = {
			isa = PBXNativeTarget;
			buildConfigurationList = 6CF38E292231AE6C00ADEFAA /* Build configuration list for PBXNativeTarget "HackwichFive" */;
			buildPhases = (
				6CF38DFD2231AE6A00ADEFAA /* Sources */,
				6CF38DFE2231AE6A00ADEFAA /* Frameworks */,
				6CF38DFF2231AE6A00ADEFAA /* Resources */,
			);
			buildRules = (
			);
			dependencies = (
			);
			name = HackwichFive;
			productName = HackwichFive;
			productReference = 6CF38E012231AE6A00ADEFAA /* HackwichFive.app */;
			productType = "com.apple.product-type.application";
		};
		6CF38E142231AE6C00ADEFAA /* HackwichFiveTests */ = {
			isa = PBXNativeTarget;
			buildConfigurationList = 6CF38E2C2231AE6C00ADEFAA /* Build configuration list for PBXNativeTarget "HackwichFiveTests" */;
			buildPhases = (
				6CF38E112231AE6C00ADEFAA /* Sources */,
				6CF38E122231AE6C00ADEFAA /* Frameworks */,
				6CF38E132231AE6C00ADEFAA /* Resources */,
			);
			buildRules = (
			);
			dependencies = (
				6CF38E172231AE6C00ADEFAA /* PBXTargetDependency */,
			);
			name = HackwichFiveTests;
			productName = HackwichFiveTests;
			productReference = 6CF38E152231AE6C00ADEFAA /* HackwichFiveTests.xctest */;
			productType = "com.apple.product-type.bundle.unit-test";
		};
		6CF38E1F2231AE6C00ADEFAA /* HackwichFiveUITests */ = {
			isa = PBXNativeTarget;
			buildConfigurationList = 6CF38E2F2231AE6C00ADEFAA /* Build configuration list for PBXNativeTarget "HackwichFiveUITests" */;
			buildPhases = (
				6CF38E1C2231AE6C00ADEFAA /* Sources */,
				6CF38E1D2231AE6C00ADEFAA /* Frameworks */,
				6CF38E1E2231AE6C00ADEFAA /* Resources */,
			);
			buildRules = (
			);
			dependencies = (
				6CF38E222231AE6C00ADEFAA /* PBXTargetDependency */,
			);
			name = HackwichFiveUITests;
			productName = HackwichFiveUITests;
			productReference = 6CF38E202231AE6C00ADEFAA /* HackwichFiveUITests.xctest */;
			productType = "com.apple.product-type.bundle.ui-testing";
		};
/* End PBXNativeTarget section */

/* Begin PBXProject section */
		6CF38DF92231AE6A00ADEFAA /* Project object */ = {
			isa = PBXProject;
			attributes = {
				LastSwiftUpdateCheck = 1010;
				LastUpgradeCheck = 1010;
				ORGANIZATIONNAME = "Jerimie Lucero";
				TargetAttributes = {
					6CF38E002231AE6A00ADEFAA = {
						CreatedOnToolsVersion = 10.1;
					};
					6CF38E142231AE6C00ADEFAA = {
						CreatedOnToolsVersion = 10.1;
						TestTargetID = 6CF38E002231AE6A00ADEFAA;
					};
					6CF38E1F2231AE6C00ADEFAA = {
						CreatedOnToolsVersion = 10.1;
						TestTargetID = 6CF38E002231AE6A00ADEFAA;
					};
				};
			};
			buildConfigurationList = 6CF38DFC2231AE6A00ADEFAA /* Build configuration list for PBXProject "HackwichFive" */;
			compatibilityVersion = "Xcode 9.3";
			developmentRegion = en;
			hasScannedForEncodings = 0;
			knownRegions = (
				en,
				Base,
			);
			mainGroup = 6CF38DF82231AE6A00ADEFAA;
			productRefGroup = 6CF38E022231AE6A00ADEFAA /* Products */;
			projectDirPath = "";
			projectRoot = "";
			targets = (
				6CF38E002231AE6A00ADEFAA /* HackwichFive */,
				6CF38E142231AE6C00ADEFAA /* HackwichFiveTests */,
				6CF38E1F2231AE6C00ADEFAA /* HackwichFiveUITests */,
			);
		};
/* End PBXProject section */

/* Begin PBXResourcesBuildPhase section */
		6CF38DFF2231AE6A00ADEFAA /* Resources */ = {
			isa = PBXResourcesBuildPhase;
			buildActionMask = 2147483647;
			files = (
				6CF38E0F2231AE6B00ADEFAA /* LaunchScreen.storyboard in Resources */,
				6CF38E0C2231AE6B00ADEFAA /* Assets.xcassets in Resources */,
				6CF38E0A2231AE6A00ADEFAA /* Main.storyboard in Resources */,
			);
			runOnlyForDeploymentPostprocessing = 0;
		};
		6CF38E132231AE6C00ADEFAA /* Resources */ = {
			isa = PBXResourcesBuildPhase;
			buildActionMask = 2147483647;
			files = (
			);
			runOnlyForDeploymentPostprocessing = 0;
		};
		6CF38E1E2231AE6C00ADEFAA /* Resources */ = {
			isa = PBXResourcesBuildPhase;
			buildActionMask = 2147483647;
			files = (
			);
			runOnlyForDeploymentPostprocessing = 0;
		};
/* End PBXResourcesBuildPhase section */

/* Begin PBXSourcesBuildPhase section */
		6CF38DFD2231AE6A00ADEFAA /* Sources */ = {
			isa = PBXSourcesBuildPhase;
			buildActionMask = 2147483647;
			files = (
				6CF38E072231AE6A00ADEFAA /* ViewController.swift in Sources */,
				6CF38E052231AE6A00ADEFAA /* AppDelegate.swift in Sources */,
			);
			runOnlyForDeploymentPostprocessing = 0;
		};
		6CF38E112231AE6C00ADEFAA /* Sources */ = {
			isa = PBXSourcesBuildPhase;
			buildActionMask = 2147483647;
			files = (
				6CF38E1A2231AE6C00ADEFAA /* HackwichFiveTests.swift in Sources */,
			);
			runOnlyForDeploymentPostprocessing = 0;
		};
		6CF38E1C2231AE6C00ADEFAA /* Sources */ = {
			isa = PBXSourcesBuildPhase;
			buildActionMask = 2147483647;
			files = (
				6CF38E252231AE6C00ADEFAA /* HackwichFiveUITests.swift in Sources */,
			);
			runOnlyForDeploymentPostprocessing = 0;
		};
/* End PBXSourcesBuildPhase section */

/* Begin PBXTargetDependency section */
		6CF38E172231AE6C00ADEFAA /* PBXTargetDependency */ = {
			isa = PBXTargetDependency;
			target = 6CF38E002231AE6A00ADEFAA /* HackwichFive */;
			targetProxy = 6CF38E162231AE6C00ADEFAA /* PBXContainerItemProxy */;
		};
		6CF38E222231AE6C00ADEFAA /* PBXTargetDependency */ = {
			isa = PBXTargetDependency;
			target = 6CF38E002231AE6A00ADEFAA /* HackwichFive */;
			targetProxy = 6CF38E212231AE6C00ADEFAA /* PBXContainerItemProxy */;
		};
/* End PBXTargetDependency section */

/* Begin PBXVariantGroup section */
		6CF38E082231AE6A00ADEFAA /* Main.storyboard */ = {
			isa = PBXVariantGroup;
			children = (
				6CF38E092231AE6A00ADEFAA /* Base */,
			);
			name = Main.storyboard;
			sourceTree = "<group>";
		};
		6CF38E0D2231AE6B00ADEFAA /* LaunchScreen.storyboard */ = {
			isa = PBXVariantGroup;
			children = (
				6CF38E0E2231AE6B00ADEFAA /* Base */,
			);
			name = LaunchScreen.storyboard;
			sourceTree = "<group>";
		};
/* End PBXVariantGroup section */

/* Begin XCBuildConfiguration section */
		6CF38E272231AE6C00ADEFAA /* Debug */ = {
			isa = XCBuildConfiguration;
			buildSettings = {
				ALWAYS_SEARCH_USER_PATHS = NO;
				CLANG_ANALYZER_NONNULL = YES;
				CLANG_ANALYZER_NUMBER_OBJECT_CONVERSION = YES_AGGRESSIVE;
				CLANG_CXX_LANGUAGE_STANDARD = "gnu++14";
				CLANG_CXX_LIBRARY = "libc++";
				CLANG_ENABLE_MODULES = YES;
				CLANG_ENABLE_OBJC_ARC = YES;
				CLANG_ENABLE_OBJC_WEAK = YES;
				CLANG_WARN_BLOCK_CAPTURE_AUTORELEASING = YES;
				CLANG_WARN_BOOL_CONVERSION = YES;
				CLANG_WARN_COMMA = YES;
				CLANG_WARN_CONSTANT_CONVERSION = YES;
				CLANG_WARN_DEPRECATED_OBJC_IMPLEMENTATIONS = YES;
				CLANG_WARN_DIRECT_OBJC_ISA_USAGE = YES_ERROR;
				CLANG_WARN_DOCUMENTATION_COMMENTS = YES;
				CLANG_WARN_EMPTY_BODY = YES;
				CLANG_WARN_ENUM_CONVERSION = YES;
				CLANG_WARN_INFINITE_RECURSION = YES;
				CLANG_WARN_INT_CONVERSION = YES;
				CLANG_WARN_NON_LITERAL_NULL_CONVERSION = YES;
				CLANG_WARN_OBJC_IMPLICIT_RETAIN_SELF = YES;
				CLANG_WARN_OBJC_LITERAL_CONVERSION = YES;
				CLANG_WARN_OBJC_ROOT_CLASS = YES_ERROR;
				CLANG_WARN_RANGE_LOOP_ANALYSIS = YES;
				CLANG_WARN_STRICT_PROTOTYPES = YES;
				CLANG_WARN_SUSPICIOUS_MOVE = YES;
				CLANG_WARN_UNGUARDED_AVAILABILITY = YES_AGGRESSIVE;
				CLANG_WARN_UNREACHABLE_CODE = YES;
				CLANG_WARN__DUPLICATE_METHOD_MATCH = YES;
				CODE_SIGN_IDENTITY = "iPhone Developer";
				COPY_PHASE_STRIP = NO;
				DEBUG_INFORMATION_FORMAT = dwarf;
				ENABLE_STRICT_OBJC_MSGSEND = YES;
				ENABLE_TESTABILITY = YES;
				GCC_C_LANGUAGE_STANDARD = gnu11;
				GCC_DYNAMIC_NO_PIC = NO;
				GCC_NO_COMMON_BLOCKS = YES;
				GCC_OPTIMIZATION_LEVEL = 0;
				GCC_PREPROCESSOR_DEFINITIONS = (
					"DEBUG=1",
					"$(inherited)",
				);
				GCC_WARN_64_TO_32_BIT_CONVERSION = YES;
				GCC_WARN_ABOUT_RETURN_TYPE = YES_ERROR;
				GCC_WARN_UNDECLARED_SELECTOR = YES;
				GCC_WARN_UNINITIALIZED_AUTOS = YES_AGGRESSIVE;
				GCC_WARN_UNUSED_FUNCTION = YES;
				GCC_WARN_UNUSED_VARIABLE = YES;
				IPHONEOS_DEPLOYMENT_TARGET = 12.1;
				MTL_ENABLE_DEBUG_INFO = INCLUDE_SOURCE;
				MTL_FAST_MATH = YES;
				ONLY_ACTIVE_ARCH = YES;
				SDKROOT = iphoneos;
				SWIFT_ACTIVE_COMPILATION_CONDITIONS = DEBUG;
				SWIFT_OPTIMIZATION_LEVEL = "-Onone";
			};
			name = Debug;
		};
		6CF38E282231AE6C00ADEFAA /* Release */ = {
			isa = XCBuildConfiguration;
			buildSettings = {
				ALWAYS_SEARCH_USER_PATHS = NO;
				CLANG_ANALYZER_NONNULL = YES;
				CLANG_ANALYZER_NUMBER_OBJECT_CONVERSION = YES_AGGRESSIVE;
				CLANG_CXX_LANGUAGE_STANDARD = "gnu++14";
				CLANG_CXX_LIBRARY = "libc++";
				CLANG_ENABLE_MODULES = YES;
				CLANG_ENABLE_OBJC_ARC = YES;
				CLANG_ENABLE_OBJC_WEAK = YES;
				CLANG_WARN_BLOCK_CAPTURE_AUTORELEASING = YES;
				CLANG_WARN_BOOL_CONVERSION = YES;
				CLANG_WARN_COMMA = YES;
				CLANG_WARN_CONSTANT_CONVERSION = YES;
				CLANG_WARN_DEPRECATED_OBJC_IMPLEMENTATIONS = YES;
				CLANG_WARN_DIRECT_OBJC_ISA_USAGE = YES_ERROR;
				CLANG_WARN_DOCUMENTATION_COMMENTS = YES;
				CLANG_WARN_EMPTY_BODY = YES;
				CLANG_WARN_ENUM_CONVERSION = YES;
				CLANG_WARN_INFINITE_RECURSION = YES;
				CLANG_WARN_INT_CONVERSION = YES;
				CLANG_WARN_NON_LITERAL_NULL_CONVERSION = YES;
				CLANG_WARN_OBJC_IMPLICIT_RETAIN_SELF = YES;
				CLANG_WARN_OBJC_LITERAL_CONVERSION = YES;
				CLANG_WARN_OBJC_ROOT_CLASS = YES_ERROR;
				CLANG_WARN_RANGE_LOOP_ANALYSIS = YES;
				CLANG_WARN_STRICT_PROTOTYPES = YES;
				CLANG_WARN_SUSPICIOUS_MOVE = YES;
				CLANG_WARN_UNGUARDED_AVAILABILITY = YES_AGGRESSIVE;
				CLANG_WARN_UNREACHABLE_CODE = YES;
				CLANG_WARN__DUPLICATE_METHOD_MATCH = YES;
				CODE_SIGN_IDENTITY = "iPhone Developer";
				COPY_PHASE_STRIP = NO;
				DEBUG_INFORMATION_FORMAT = "dwarf-with-dsym";
				ENABLE_NS_ASSERTIONS = NO;
				ENABLE_STRICT_OBJC_MSGSEND = YES;
				GCC_C_LANGUAGE_STANDARD = gnu11;
				GCC_NO_COMMON_BLOCKS = YES;
				GCC_WARN_64_TO_32_BIT_CONVERSION = YES;
				GCC_WARN_ABOUT_RETURN_TYPE = YES_ERROR;
				GCC_WARN_UNDECLARED_SELECTOR = YES;
				GCC_WARN_UNINITIALIZED_AUTOS = YES_AGGRESSIVE;
				GCC_WARN_UNUSED_FUNCTION = YES;
				GCC_WARN_UNUSED_VARIABLE = YES;
				IPHONEOS_DEPLOYMENT_TARGET = 12.1;
				MTL_ENABLE_DEBUG_INFO = NO;
				MTL_FAST_MATH = YES;
				SDKROOT = iphoneos;
				SWIFT_COMPILATION_MODE = wholemodule;
				SWIFT_OPTIMIZATION_LEVEL = "-O";
				VALIDATE_PRODUCT = YES;
			};
			name = Release;
		};
		6CF38E2A2231AE6C00ADEFAA /* Debug */ = {
			isa = XCBuildConfiguration;
			buildSettings = {
				ASSETCATALOG_COMPILER_APPICON_NAME = AppIcon;
				CODE_SIGN_STYLE = Automatic;
				DEVELOPMENT_TEAM = PX857T6PZP;
				INFOPLIST_FILE = HackwichFive/Info.plist;
				LD_RUNPATH_SEARCH_PATHS = (
					"$(inherited)",
					"@executable_path/Frameworks",
				);
				PRODUCT_BUNDLE_IDENTIFIER = UHWO.HackwichFive;
				PRODUCT_NAME = "$(TARGET_NAME)";
				SWIFT_VERSION = 4.2;
				TARGETED_DEVICE_FAMILY = "1,2";
			};
			name = Debug;
		};
		6CF38E2B2231AE6C00ADEFAA /* Release */ = {
			isa = XCBuildConfiguration;
			buildSettings = {
				ASSETCATALOG_COMPILER_APPICON_NAME = AppIcon;
				CODE_SIGN_STYLE = Automatic;
				DEVELOPMENT_TEAM = PX857T6PZP;
				INFOPLIST_FILE = HackwichFive/Info.plist;
				LD_RUNPATH_SEARCH_PATHS = (
					"$(inherited)",
					"@executable_path/Frameworks",
				);
				PRODUCT_BUNDLE_IDENTIFIER = UHWO.HackwichFive;
				PRODUCT_NAME = "$(TARGET_NAME)";
				SWIFT_VERSION = 4.2;
				TARGETED_DEVICE_FAMILY = "1,2";
			};
			name = Release;
		};
		6CF38E2D2231AE6C00ADEFAA /* Debug */ = {
			isa = XCBuildConfiguration;
			buildSettings = {
				ALWAYS_EMBED_SWIFT_STANDARD_LIBRARIES = YES;
				BUNDLE_LOADER = "$(TEST_HOST)";
				CODE_SIGN_STYLE = Automatic;
				DEVELOPMENT_TEAM = PX857T6PZP;
				INFOPLIST_FILE = HackwichFiveTests/Info.plist;
				LD_RUNPATH_SEARCH_PATHS = (
					"$(inherited)",
					"@executable_path/Frameworks",
					"@loader_path/Frameworks",
				);
				PRODUCT_BUNDLE_IDENTIFIER = UHWO.HackwichFiveTests;
				PRODUCT_NAME = "$(TARGET_NAME)";
				SWIFT_VERSION = 4.2;
				TARGETED_DEVICE_FAMILY = "1,2";
				TEST_HOST = "$(BUILT_PRODUCTS_DIR)/HackwichFive.app/HackwichFive";
			};
			name = Debug;
		};
		6CF38E2E2231AE6C00ADEFAA /* Release */ = {
			isa = XCBuildConfiguration;
			buildSettings = {
				ALWAYS_EMBED_SWIFT_STANDARD_LIBRARIES = YES;
				BUNDLE_LOADER = "$(TEST_HOST)";
				CODE_SIGN_STYLE = Automatic;
				DEVELOPMENT_TEAM = PX857T6PZP;
				INFOPLIST_FILE = HackwichFiveTests/Info.plist;
				LD_RUNPATH_SEARCH_PATHS = (
					"$(inherited)",
					"@executable_path/Frameworks",
					"@loader_path/Frameworks",
				);
				PRODUCT_BUNDLE_IDENTIFIER = UHWO.HackwichFiveTests;
				PRODUCT_NAME = "$(TARGET_NAME)";
				SWIFT_VERSION = 4.2;
				TARGETED_DEVICE_FAMILY = "1,2";
				TEST_HOST = "$(BUILT_PRODUCTS_DIR)/HackwichFive.app/HackwichFive";
			};
			name = Release;
		};
		6CF38E302231AE6C00ADEFAA /* Debug */ = {
			isa = XCBuildConfiguration;
			buildSettings = {
				ALWAYS_EMBED_SWIFT_STANDARD_LIBRARIES = YES;
				CODE_SIGN_STYLE = Automatic;
				DEVELOPMENT_TEAM = PX857T6PZP;
				INFOPLIST_FILE = HackwichFiveUITests/Info.plist;
				LD_RUNPATH_SEARCH_PATHS = (
					"$(inherited)",
					"@executable_path/Frameworks",
					"@loader_path/Frameworks",
				);
				PRODUCT_BUNDLE_IDENTIFIER = UHWO.HackwichFiveUITests;
				PRODUCT_NAME = "$(TARGET_NAME)";
				SWIFT_VERSION = 4.2;
				TARGETED_DEVICE_FAMILY = "1,2";
				TEST_TARGET_NAME = HackwichFive;
			};
			name = Debug;
		};
		6CF38E312231AE6C00ADEFAA /* Release */ = {
			isa = XCBuildConfiguration;
			buildSettings = {
				ALWAYS_EMBED_SWIFT_STANDARD_LIBRARIES = YES;
				CODE_SIGN_STYLE = Automatic;
				DEVELOPMENT_TEAM = PX857T6PZP;
				INFOPLIST_FILE = HackwichFiveUITests/Info.plist;
				LD_RUNPATH_SEARCH_PATHS = (
					"$(inherited)",
					"@executable_path/Frameworks",
					"@loader_path/Frameworks",
				);
				PRODUCT_BUNDLE_IDENTIFIER = UHWO.HackwichFiveUITests;
				PRODUCT_NAME = "$(TARGET_NAME)";
				SWIFT_VERSION = 4.2;
				TARGETED_DEVICE_FAMILY = "1,2";
				TEST_TARGET_NAME = HackwichFive;
			};
			name = Release;
		};
/* End XCBuildConfiguration section */

/* Begin XCConfigurationList section */
		6CF38DFC2231AE6A00ADEFAA /* Build configuration list for PBXProject "HackwichFive" */ = {
			isa = XCConfigurationList;
			buildConfigurations = (
				6CF38E272231AE6C00ADEFAA /* Debug */,
				6CF38E282231AE6C00ADEFAA /* Release */,
			);
			defaultConfigurationIsVisible = 0;
			defaultConfigurationName = Release;
		};
		6CF38E292231AE6C00ADEFAA /* Build configuration list for PBXNativeTarget "HackwichFive" */ = {
			isa = XCConfigurationList;
			buildConfigurations = (
				6CF38E2A2231AE6C00ADEFAA /* Debug */,
				6CF38E2B2231AE6C00ADEFAA /* Release */,
			);
			defaultConfigurationIsVisible = 0;
			defaultConfigurationName = Release;
		};
		6CF38E2C2231AE6C00ADEFAA /* Build configuration list for PBXNativeTarget "HackwichFiveTests" */ = {
			isa = XCConfigurationList;
			buildConfigurations = (
				6CF38E2D2231AE6C00ADEFAA /* Debug */,
				6CF38E2E2231AE6C00ADEFAA /* Release */,
			);
			defaultConfigurationIsVisible = 0;
			defaultConfigurationName = Release;
		};
		6CF38E2F2231AE6C00ADEFAA /* Build configuration list for PBXNativeTarget "HackwichFiveUITests" */ = {
			isa = XCConfigurationList;
			buildConfigurations = (
				6CF38E302231AE6C00ADEFAA /* Debug */,
				6CF38E312231AE6C00ADEFAA /* Release */,
			);
			defaultConfigurationIsVisible = 0;
			defaultConfigurationName = Release;
		};
/* End XCConfigurationList section */
	};
	rootObject = 6CF38DF92231AE6A00ADEFAA /* Project object */;
}
